
Microsoft Visual Studio Solution File, Format Version 12.00
# Visual Studio 15
VisualStudioVersion = 15.0.27703.2035
MinimumVisualStudioVersion = 10.0.40219.1
Project("{9A19103F-16F7-4668-BE54-9A1E7A4F7556}") = "InnerCore.Api.DeConz", "InnerCore.Api.deConz\InnerCore.Api.DeConz.csproj", "{F3B5930E-F106-429A-9343-9CE27EC6E0B2}"
EndProject
Project("{2150E333-8FDC-42A3-9474-1A3956D46DE8}") = "Solution Items", "Solution Items", "{AD8D0070-FF31-4B95-8EEF-3644D514AC7D}"
	ProjectSection(SolutionItems) = preProject
		LICENSE.txt = LICENSE.txt
		README.md = README.md
	EndProjectSection
EndProject
Project("{FAE04EC0-301F-11D3-BF4B-00C04F79EFBC}") = "InnerCore.Api.DeConz.Sample", "InnerCore.Api.DeConz.Sample\InnerCore.Api.DeConz.Sample.csproj", "{EEED7BCB-4D67-4974-BD5F-3635B21499A6}"
EndProject
Global
	GlobalSection(SolutionConfigurationPlatforms) = preSolution
		Debug|Any CPU = Debug|Any CPU
		Release|Any CPU = Release|Any CPU
	EndGlobalSection
	GlobalSection(ProjectConfigurationPlatforms) = postSolution
		{F3B5930E-F106-429A-9343-9CE27EC6E0B2}.Debug|Any CPU.ActiveCfg = Debug|Any CPU
		{F3B5930E-F106-429A-9343-9CE27EC6E0B2}.Debug|Any CPU.Build.0 = Debug|Any CPU
		{F3B5930E-F106-429A-9343-9CE27EC6E0B2}.Release|Any CPU.ActiveCfg = Release|Any CPU
		{F3B5930E-F106-429A-9343-9CE27EC6E0B2}.Release|Any CPU.Build.0 = Release|Any CPU
		{EEED7BCB-4D67-4974-BD5F-3635B21499A6}.Debug|Any CPU.ActiveCfg = Debug|Any CPU
		{EEED7BCB-4D67-4974-BD5F-3635B21499A6}.Debug|Any CPU.Build.0 = Debug|Any CPU
		{EEED7BCB-4D67-4974-BD5F-3635B21499A6}.Release|Any CPU.ActiveCfg = Release|Any CPU
		{EEED7BCB-4D67-4974-BD5F-3635B21499A6}.Release|Any CPU.Build.0 = Release|Any CPU
	EndGlobalSection
	GlobalSection(SolutionProperties) = preSolution
		HideSolutionNode = FALSE
	EndGlobalSection
	GlobalSection(ExtensibilityGlobals) = postSolution
		SolutionGuid = {4A45CE4A-BCC6-466E-BD5E-0DE1B0BEC656}
	EndGlobalSection
EndGlobal
